
Microsoft Visual Studio Solution File, Format Version 12.00
# Visual Studio Version 17
VisualStudioVersion = 17.5.33530.505
MinimumVisualStudioVersion = 10.0.40219.1
Project("{FAE04EC0-301F-11D3-BF4B-00C04F79EFBC}") = "EmployeApp.App", "EmployeApp.App\EmployeApp.App.csproj", "{58F9E666-059D-4568-B805-BB7C21514E52}"
EndProject
Project("{FAE04EC0-301F-11D3-BF4B-00C04F79EFBC}") = "EmployeApp.Core", "EmployeApp.Core\EmployeApp.Core.csproj", "{2764AA22-5608-4E86-897F-E43E36C17037}"
EndProject
Project("{FAE04EC0-301F-11D3-BF4B-00C04F79EFBC}") = "EmployeApp.Data", "EmployeApp.Data\EmployeApp.Data.csproj", "{8819A756-302B-49BE-B284-DC6290D16393}"
EndProject
Global
	GlobalSection(SolutionConfigurationPlatforms) = preSolution
		Debug|Any CPU = Debug|Any CPU
		Release|Any CPU = Release|Any CPU
	EndGlobalSection
	GlobalSection(ProjectConfigurationPlatforms) = postSolution
		{58F9E666-059D-4568-B805-BB7C21514E52}.Debug|Any CPU.ActiveCfg = Debug|Any CPU
		{58F9E666-059D-4568-B805-BB7C21514E52}.Debug|Any CPU.Build.0 = Debug|Any CPU
		{58F9E666-059D-4568-B805-BB7C21514E52}.Release|Any CPU.ActiveCfg = Release|Any CPU
		{58F9E666-059D-4568-B805-BB7C21514E52}.Release|Any CPU.Build.0 = Release|Any CPU
		{2764AA22-5608-4E86-897F-E43E36C17037}.Debug|Any CPU.ActiveCfg = Debug|Any CPU
		{2764AA22-5608-4E86-897F-E43E36C17037}.Debug|Any CPU.Build.0 = Debug|Any CPU
		{2764AA22-5608-4E86-897F-E43E36C17037}.Release|Any CPU.ActiveCfg = Release|Any CPU
		{2764AA22-5608-4E86-897F-E43E36C17037}.Release|Any CPU.Build.0 = Release|Any CPU
		{8819A756-302B-49BE-B284-DC6290D16393}.Debug|Any CPU.ActiveCfg = Debug|Any CPU
		{8819A756-302B-49BE-B284-DC6290D16393}.Debug|Any CPU.Build.0 = Debug|Any CPU
		{8819A756-302B-49BE-B284-DC6290D16393}.Release|Any CPU.ActiveCfg = Release|Any CPU
		{8819A756-302B-49BE-B284-DC6290D16393}.Release|Any CPU.Build.0 = Release|Any CPU
	EndGlobalSection
	GlobalSection(SolutionProperties) = preSolution
		HideSolutionNode = FALSE
	EndGlobalSection
	GlobalSection(ExtensibilityGlobals) = postSolution
		SolutionGuid = {97DE6132-CA60-45D5-B0C3-063EA92BC920}
	EndGlobalSection
EndGlobal
